
Microsoft Visual Studio Solution File, Format Version 12.00
# Visual Studio Version 17
VisualStudioVersion = 17.3.32922.545
MinimumVisualStudioVersion = 10.0.40219.1
Project("{FAE04EC0-301F-11D3-BF4B-00C04F79EFBC}") = "Cartesian Product", "Cartesian Product.csproj", "{86BBFA3A-EEFC-4351-B607-2A9710BF6A86}"
EndProject
Global
	GlobalSection(SolutionConfigurationPlatforms) = preSolution
		Debug|Any CPU = Debug|Any CPU
		Release|Any CPU = Release|Any CPU
	EndGlobalSection
	GlobalSection(ProjectConfigurationPlatforms) = postSolution
		{86BBFA3A-EEFC-4351-B607-2A9710BF6A86}.Debug|Any CPU.ActiveCfg = Debug|Any CPU
		{86BBFA3A-EEFC-4351-B607-2A9710BF6A86}.Debug|Any CPU.Build.0 = Debug|Any CPU
		{86BBFA3A-EEFC-4351-B607-2A9710BF6A86}.Release|Any CPU.ActiveCfg = Release|Any CPU
		{86BBFA3A-EEFC-4351-B607-2A9710BF6A86}.Release|Any CPU.Build.0 = Release|Any CPU
	EndGlobalSection
	GlobalSection(SolutionProperties) = preSolution
		HideSolutionNode = FALSE
	EndGlobalSection
	GlobalSection(ExtensibilityGlobals) = postSolution
		SolutionGuid = {02017475-59A9-4365-A5F8-A1F2EBC5608A}
	EndGlobalSection
EndGlobal
